
Microsoft Visual Studio Solution File, Format Version 12.00
# Visual Studio Version 17
VisualStudioVersion = 17.4.33213.308
MinimumVisualStudioVersion = 10.0.40219.1
Project("{FAE04EC0-301F-11D3-BF4B-00C04F79EFBC}") = "Bolsa_De_Empleo", "Bolsa_De_Empleo.csproj", "{71E2CFA0-8173-47F7-8043-65BC7400FE15}"
EndProject
Global
	GlobalSection(SolutionConfigurationPlatforms) = preSolution
		Debug|Any CPU = Debug|Any CPU
		Release|Any CPU = Release|Any CPU
	EndGlobalSection
	GlobalSection(ProjectConfigurationPlatforms) = postSolution
		{71E2CFA0-8173-47F7-8043-65BC7400FE15}.Debug|Any CPU.ActiveCfg = Debug|Any CPU
		{71E2CFA0-8173-47F7-8043-65BC7400FE15}.Debug|Any CPU.Build.0 = Debug|Any CPU
		{71E2CFA0-8173-47F7-8043-65BC7400FE15}.Release|Any CPU.ActiveCfg = Release|Any CPU
		{71E2CFA0-8173-47F7-8043-65BC7400FE15}.Release|Any CPU.Build.0 = Release|Any CPU
	EndGlobalSection
	GlobalSection(SolutionProperties) = preSolution
		HideSolutionNode = FALSE
	EndGlobalSection
	GlobalSection(ExtensibilityGlobals) = postSolution
		SolutionGuid = {FFFF433A-8405-44F0-8FA2-6C315504F0B1}
	EndGlobalSection
EndGlobal
